
Microsoft Visual Studio Solution File, Format Version 12.00
# Visual Studio Version 16
VisualStudioVersion = 16.0.30002.166
MinimumVisualStudioVersion = 10.0.40219.1
Project("{FAE04EC0-301F-11D3-BF4B-00C04F79EFBC}") = "HelloWorldMVC", "HelloWorldMVC.csproj", "{FD4DB9D0-51EE-4F45-AB56-11D757384F55}"
EndProject
Global
	GlobalSection(SolutionConfigurationPlatforms) = preSolution
		Debug|Any CPU = Debug|Any CPU
		Release|Any CPU = Release|Any CPU
	EndGlobalSection
	GlobalSection(ProjectConfigurationPlatforms) = postSolution
		{FD4DB9D0-51EE-4F45-AB56-11D757384F55}.Debug|Any CPU.ActiveCfg = Debug|Any CPU
		{FD4DB9D0-51EE-4F45-AB56-11D757384F55}.Debug|Any CPU.Build.0 = Debug|Any CPU
		{FD4DB9D0-51EE-4F45-AB56-11D757384F55}.Release|Any CPU.ActiveCfg = Release|Any CPU
		{FD4DB9D0-51EE-4F45-AB56-11D757384F55}.Release|Any CPU.Build.0 = Release|Any CPU
	EndGlobalSection
	GlobalSection(SolutionProperties) = preSolution
		HideSolutionNode = FALSE
	EndGlobalSection
	GlobalSection(ExtensibilityGlobals) = postSolution
		SolutionGuid = {2735DC27-74A2-4C2F-A152-4EBBA3B87842}
	EndGlobalSection
EndGlobal
